
Microsoft Visual Studio Solution File, Format Version 12.00
# Visual Studio Version 17
VisualStudioVersion = 17.8.34330.188
MinimumVisualStudioVersion = 10.0.40219.1
Project("{8BC9CEB8-8B4A-11D0-8D11-00A0C91BC942}") = "BOJ_2559", "BOJ_2559\BOJ_2559.vcxproj", "{E7C862AF-C0B9-46A3-B97A-FCD2BC8CC57D}"
EndProject
Global
	GlobalSection(SolutionConfigurationPlatforms) = preSolution
		Debug|x64 = Debug|x64
		Release|x64 = Release|x64
	EndGlobalSection
	GlobalSection(ProjectConfigurationPlatforms) = postSolution
		{E7C862AF-C0B9-46A3-B97A-FCD2BC8CC57D}.Debug|x64.ActiveCfg = Debug|x64
		{E7C862AF-C0B9-46A3-B97A-FCD2BC8CC57D}.Debug|x64.Build.0 = Debug|x64
		{E7C862AF-C0B9-46A3-B97A-FCD2BC8CC57D}.Release|x64.ActiveCfg = Release|x64
		{E7C862AF-C0B9-46A3-B97A-FCD2BC8CC57D}.Release|x64.Build.0 = Release|x64
	EndGlobalSection
	GlobalSection(SolutionProperties) = preSolution
		HideSolutionNode = FALSE
	EndGlobalSection
	GlobalSection(ExtensibilityGlobals) = postSolution
		SolutionGuid = {B76EADC4-3EA0-460C-82A4-9147E237CC4A}
	EndGlobalSection
EndGlobal
